
Microsoft Visual Studio Solution File, Format Version 12.00
# Visual Studio Version 17
VisualStudioVersion = 17.8.34330.188
MinimumVisualStudioVersion = 10.0.40219.1
Project("{FAE04EC0-301F-11D3-BF4B-00C04F79EFBC}") = "WeatherOneDayPlugin", "WeatherOneDayPlugin.csproj", "{AAC8AFB2-B706-4B3C-845E-D22A31F8AAC5}"
EndProject
Global
	GlobalSection(SolutionConfigurationPlatforms) = preSolution
		Debug|Any CPU = Debug|Any CPU
		Release|Any CPU = Release|Any CPU
	EndGlobalSection
	GlobalSection(ProjectConfigurationPlatforms) = postSolution
		{AAC8AFB2-B706-4B3C-845E-D22A31F8AAC5}.Debug|Any CPU.ActiveCfg = Debug|Any CPU
		{AAC8AFB2-B706-4B3C-845E-D22A31F8AAC5}.Debug|Any CPU.Build.0 = Debug|Any CPU
		{AAC8AFB2-B706-4B3C-845E-D22A31F8AAC5}.Release|Any CPU.ActiveCfg = Release|Any CPU
		{AAC8AFB2-B706-4B3C-845E-D22A31F8AAC5}.Release|Any CPU.Build.0 = Release|Any CPU
	EndGlobalSection
	GlobalSection(SolutionProperties) = preSolution
		HideSolutionNode = FALSE
	EndGlobalSection
	GlobalSection(ExtensibilityGlobals) = postSolution
		SolutionGuid = {BBE7F5C9-02FA-48F3-8864-2E6AB92F8658}
	EndGlobalSection
EndGlobal
